
Microsoft Visual Studio Solution File, Format Version 12.00
# Visual Studio 15
VisualStudioVersion = 15.0.28307.136
MinimumVisualStudioVersion = 10.0.40219.1
Project("{FAE04EC0-301F-11D3-BF4B-00C04F79EFBC}") = "Eckentester.Android", "Eckentester\Eckentester.Android\Eckentester.Android.csproj", "{838EE6A7-60FC-49FD-8709-12F8FD4A4075}"
EndProject
Project("{FAE04EC0-301F-11D3-BF4B-00C04F79EFBC}") = "Eckentester.iOS", "Eckentester\Eckentester.iOS\Eckentester.iOS.csproj", "{79486932-0C04-4199-8849-1F13CD231622}"
EndProject
Project("{FAE04EC0-301F-11D3-BF4B-00C04F79EFBC}") = "Eckentester.UWP", "Eckentester\Eckentester.UWP\Eckentester.UWP.csproj", "{F6AFD231-C2B7-4C55-A058-56AA849D6DC0}"
EndProject
Project("{FAE04EC0-301F-11D3-BF4B-00C04F79EFBC}") = "Eckentester", "Eckentester\Eckentester\Eckentester.csproj", "{E5AA9B8A-4F25-4CA5-B954-A5A31EFA2BEC}"
EndProject
Global
	GlobalSection(SolutionConfigurationPlatforms) = preSolution
		Ad-Hoc|Any CPU = Ad-Hoc|Any CPU
		Ad-Hoc|ARM = Ad-Hoc|ARM
		Ad-Hoc|iPhone = Ad-Hoc|iPhone
		Ad-Hoc|iPhoneSimulator = Ad-Hoc|iPhoneSimulator
		Ad-Hoc|x64 = Ad-Hoc|x64
		Ad-Hoc|x86 = Ad-Hoc|x86
		AppStore|Any CPU = AppStore|Any CPU
		AppStore|ARM = AppStore|ARM
		AppStore|iPhone = AppStore|iPhone
		AppStore|iPhoneSimulator = AppStore|iPhoneSimulator
		AppStore|x64 = AppStore|x64
		AppStore|x86 = AppStore|x86
		Debug|Any CPU = Debug|Any CPU
		Debug|ARM = Debug|ARM
		Debug|iPhone = Debug|iPhone
		Debug|iPhoneSimulator = Debug|iPhoneSimulator
		Debug|x64 = Debug|x64
		Debug|x86 = Debug|x86
		Release|Any CPU = Release|Any CPU
		Release|ARM = Release|ARM
		Release|iPhone = Release|iPhone
		Release|iPhoneSimulator = Release|iPhoneSimulator
		Release|x64 = Release|x64
		Release|x86 = Release|x86
	EndGlobalSection
	GlobalSection(ProjectConfigurationPlatforms) = postSolution
		{838EE6A7-60FC-49FD-8709-12F8FD4A4075}.Ad-Hoc|Any CPU.ActiveCfg = Release|Any CPU
		{838EE6A7-60FC-49FD-8709-12F8FD4A4075}.Ad-Hoc|Any CPU.Build.0 = Release|Any CPU
		{838EE6A7-60FC-49FD-8709-12F8FD4A4075}.Ad-Hoc|Any CPU.Deploy.0 = Release|Any CPU
		{838EE6A7-60FC-49FD-8709-12F8FD4A4075}.Ad-Hoc|ARM.ActiveCfg = Release|Any CPU
		{838EE6A7-60FC-49FD-8709-12F8FD4A4075}.Ad-Hoc|ARM.Build.0 = Release|Any CPU
		{838EE6A7-60FC-49FD-8709-12F8FD4A4075}.Ad-Hoc|ARM.Deploy.0 = Release|Any CPU
		{838EE6A7-60FC-49FD-8709-12F8FD4A4075}.Ad-Hoc|iPhone.ActiveCfg = Release|Any CPU
		{838EE6A7-60FC-49FD-8709-12F8FD4A4075}.Ad-Hoc|iPhone.Build.0 = Release|Any CPU
		{838EE6A7-60FC-49FD-8709-12F8FD4A4075}.Ad-Hoc|iPhone.Deploy.0 = Release|Any CPU
		{838EE6A7-60FC-49FD-8709-12F8FD4A4075}.Ad-Hoc|iPhoneSimulator.ActiveCfg = Release|Any CPU
		{838EE6A7-60FC-49FD-8709-12F8FD4A4075}.Ad-Hoc|iPhoneSimulator.Build.0 = Release|Any CPU
		{838EE6A7-60FC-49FD-8709-12F8FD4A4075}.Ad-Hoc|iPhoneSimulator.Deploy.0 = Release|Any CPU
		{838EE6A7-60FC-49FD-8709-12F8FD4A4075}.Ad-Hoc|x64.ActiveCfg = Release|Any CPU
		{838EE6A7-60FC-49FD-8709-12F8FD4A4075}.Ad-Hoc|x64.Build.0 = Release|Any CPU
		{838EE6A7-60FC-49FD-8709-12F8FD4A4075}.Ad-Hoc|x64.Deploy.0 = Release|Any CPU
		{838EE6A7-60FC-49FD-8709-12F8FD4A4075}.Ad-Hoc|x86.ActiveCfg = Release|Any CPU
		{838EE6A7-60FC-49FD-8709-12F8FD4A4075}.Ad-Hoc|x86.Build.0 = Release|Any CPU
		{838EE6A7-60FC-49FD-8709-12F8FD4A4075}.Ad-Hoc|x86.Deploy.0 = Release|Any CPU
		{838EE6A7-60FC-49FD-8709-12F8FD4A4075}.AppStore|Any CPU.ActiveCfg = Release|Any CPU
		{838EE6A7-60FC-49FD-8709-12F8FD4A4075}.AppStore|Any CPU.Build.0 = Release|Any CPU
		{838EE6A7-60FC-49FD-8709-12F8FD4A4075}.AppStore|Any CPU.Deploy.0 = Release|Any CPU
		{838EE6A7-60FC-49FD-8709-12F8FD4A4075}.AppStore|ARM.ActiveCfg = Release|Any CPU
		{838EE6A7-60FC-49FD-8709-12F8FD4A4075}.AppStore|ARM.Build.0 = Release|Any CPU
		{838EE6A7-60FC-49FD-8709-12F8FD4A4075}.AppStore|ARM.Deploy.0 = Release|Any CPU
		{838EE6A7-60FC-49FD-8709-12F8FD4A4075}.AppStore|iPhone.ActiveCfg = Release|Any CPU
		{838EE6A7-60FC-49FD-8709-12F8FD4A4075}.AppStore|iPhone.Build.0 = Release|Any CPU
		{838EE6A7-60FC-49FD-8709-12F8FD4A4075}.AppStore|iPhone.Deploy.0 = Release|Any CPU
		{838EE6A7-60FC-49FD-8709-12F8FD4A4075}.AppStore|iPhoneSimulator.ActiveCfg = Release|Any CPU
		{838EE6A7-60FC-49FD-8709-12F8FD4A4075}.AppStore|iPhoneSimulator.Build.0 = Release|Any CPU
		{838EE6A7-60FC-49FD-8709-12F8FD4A4075}.AppStore|iPhoneSimulator.Deploy.0 = Release|Any CPU
		{838EE6A7-60FC-49FD-8709-12F8FD4A4075}.AppStore|x64.ActiveCfg = Release|Any CPU
		{838EE6A7-60FC-49FD-8709-12F8FD4A4075}.AppStore|x64.Build.0 = Release|Any CPU
		{838EE6A7-60FC-49FD-8709-12F8FD4A4075}.AppStore|x64.Deploy.0 = Release|Any CPU
		{838EE6A7-60FC-49FD-8709-12F8FD4A4075}.AppStore|x86.ActiveCfg = Release|Any CPU
		{838EE6A7-60FC-49FD-8709-12F8FD4A4075}.AppStore|x86.Build.0 = Release|Any CPU
		{838EE6A7-60FC-49FD-8709-12F8FD4A4075}.AppStore|x86.Deploy.0 = Release|Any CPU
		{838EE6A7-60FC-49FD-8709-12F8FD4A4075}.Debug|Any CPU.ActiveCfg = Debug|Any CPU
		{838EE6A7-60FC-49FD-8709-12F8FD4A4075}.Debug|Any CPU.Build.0 = Debug|Any CPU
		{838EE6A7-60FC-49FD-8709-12F8FD4A4075}.Debug|Any CPU.Deploy.0 = Debug|Any CPU
		{838EE6A7-60FC-49FD-8709-12F8FD4A4075}.Debug|ARM.ActiveCfg = Debug|Any CPU
		{838EE6A7-60FC-49FD-8709-12F8FD4A4075}.Debug|ARM.Build.0 = Debug|Any CPU
		{838EE6A7-60FC-49FD-8709-12F8FD4A4075}.Debug|ARM.Deploy.0 = Debug|Any CPU
		{838EE6A7-60FC-49FD-8709-12F8FD4A4075}.Debug|iPhone.ActiveCfg = Debug|Any CPU
		{838EE6A7-60FC-49FD-8709-12F8FD4A4075}.Debug|iPhone.Build.0 = Debug|Any CPU
		{838EE6A7-60FC-49FD-8709-12F8FD4A4075}.Debug|iPhone.Deploy.0 = Debug|Any CPU
		{838EE6A7-60FC-49FD-8709-12F8FD4A4075}.Debug|iPhoneSimulator.ActiveCfg = Debug|Any CPU
		{838EE6A7-60FC-49FD-8709-12F8FD4A4075}.Debug|iPhoneSimulator.Build.0 = Debug|Any CPU
		{838EE6A7-60FC-49FD-8709-12F8FD4A4075}.Debug|iPhoneSimulator.Deploy.0 = Debug|Any CPU
		{838EE6A7-60FC-49FD-8709-12F8FD4A4075}.Debug|x64.ActiveCfg = Debug|Any CPU
		{838EE6A7-60FC-49FD-8709-12F8FD4A4075}.Debug|x64.Build.0 = Debug|Any CPU
		{838EE6A7-60FC-49FD-8709-12F8FD4A4075}.Debug|x64.Deploy.0 = Debug|Any CPU
		{838EE6A7-60FC-49FD-8709-12F8FD4A4075}.Debug|x86.ActiveCfg = Debug|Any CPU
		{838EE6A7-60FC-49FD-8709-12F8FD4A4075}.Debug|x86.Build.0 = Debug|Any CPU
		{838EE6A7-60FC-49FD-8709-12F8FD4A4075}.Debug|x86.Deploy.0 = Debug|Any CPU
		{838EE6A7-60FC-49FD-8709-12F8FD4A4075}.Release|Any CPU.ActiveCfg = Release|Any CPU
		{838EE6A7-60FC-49FD-8709-12F8FD4A4075}.Release|Any CPU.Build.0 = Release|Any CPU
		{838EE6A7-60FC-49FD-8709-12F8FD4A4075}.Release|Any CPU.Deploy.0 = Release|Any CPU
		{838EE6A7-60FC-49FD-8709-12F8FD4A4075}.Release|ARM.ActiveCfg = Release|Any CPU
		{838EE6A7-60FC-49FD-8709-12F8FD4A4075}.Release|ARM.Build.0 = Release|Any CPU
		{838EE6A7-60FC-49FD-8709-12F8FD4A4075}.Release|ARM.Deploy.0 = Release|Any CPU
		{838EE6A7-60FC-49FD-8709-12F8FD4A4075}.Release|iPhone.ActiveCfg = Release|Any CPU
		{838EE6A7-60FC-49FD-8709-12F8FD4A4075}.Release|iPhone.Build.0 = Release|Any CPU
		{838EE6A7-60FC-49FD-8709-12F8FD4A4075}.Release|iPhone.Deploy.0 = Release|Any CPU
		{838EE6A7-60FC-49FD-8709-12F8FD4A4075}.Release|iPhoneSimulator.ActiveCfg = Release|Any CPU
		{838EE6A7-60FC-49FD-8709-12F8FD4A4075}.Release|iPhoneSimulator.Build.0 = Release|Any CPU
		{838EE6A7-60FC-49FD-8709-12F8FD4A4075}.Release|iPhoneSimulator.Deploy.0 = Release|Any CPU
		{838EE6A7-60FC-49FD-8709-12F8FD4A4075}.Release|x64.ActiveCfg = Release|Any CPU
		{838EE6A7-60FC-49FD-8709-12F8FD4A4075}.Release|x64.Build.0 = Release|Any CPU
		{838EE6A7-60FC-49FD-8709-12F8FD4A4075}.Release|x64.Deploy.0 = Release|Any CPU
		{838EE6A7-60FC-49FD-8709-12F8FD4A4075}.Release|x86.ActiveCfg = Release|Any CPU
		{838EE6A7-60FC-49FD-8709-12F8FD4A4075}.Release|x86.Build.0 = Release|Any CPU
		{838EE6A7-60FC-49FD-8709-12F8FD4A4075}.Release|x86.Deploy.0 = Release|Any CPU
		{79486932-0C04-4199-8849-1F13CD231622}.Ad-Hoc|Any CPU.ActiveCfg = Ad-Hoc|iPhone
		{79486932-0C04-4199-8849-1F13CD231622}.Ad-Hoc|Any CPU.Build.0 = Ad-Hoc|iPhone
		{79486932-0C04-4199-8849-1F13CD231622}.Ad-Hoc|Any CPU.Deploy.0 = Ad-Hoc|iPhone
		{79486932-0C04-4199-8849-1F13CD231622}.Ad-Hoc|ARM.ActiveCfg = Ad-Hoc|iPhone
		{79486932-0C04-4199-8849-1F13CD231622}.Ad-Hoc|ARM.Build.0 = Ad-Hoc|iPhone
		{79486932-0C04-4199-8849-1F13CD231622}.Ad-Hoc|ARM.Deploy.0 = Ad-Hoc|iPhone
		{79486932-0C04-4199-8849-1F13CD231622}.Ad-Hoc|iPhone.ActiveCfg = Ad-Hoc|iPhone
		{79486932-0C04-4199-8849-1F13CD231622}.Ad-Hoc|iPhone.Build.0 = Ad-Hoc|iPhone
		{79486932-0C04-4199-8849-1F13CD231622}.Ad-Hoc|iPhone.Deploy.0 = Ad-Hoc|iPhone
		{79486932-0C04-4199-8849-1F13CD231622}.Ad-Hoc|iPhoneSimulator.ActiveCfg = Ad-Hoc|iPhoneSimulator
		{79486932-0C04-4199-8849-1F13CD231622}.Ad-Hoc|iPhoneSimulator.Build.0 = Ad-Hoc|iPhoneSimulator
		{79486932-0C04-4199-8849-1F13CD231622}.Ad-Hoc|iPhoneSimulator.Deploy.0 = Ad-Hoc|iPhoneSimulator
		{79486932-0C04-4199-8849-1F13CD231622}.Ad-Hoc|x64.ActiveCfg = Ad-Hoc|iPhone
		{79486932-0C04-4199-8849-1F13CD231622}.Ad-Hoc|x64.Build.0 = Ad-Hoc|iPhone
		{79486932-0C04-4199-8849-1F13CD231622}.Ad-Hoc|x64.Deploy.0 = Ad-Hoc|iPhone
		{79486932-0C04-4199-8849-1F13CD231622}.Ad-Hoc|x86.ActiveCfg = Ad-Hoc|iPhone
		{79486932-0C04-4199-8849-1F13CD231622}.Ad-Hoc|x86.Build.0 = Ad-Hoc|iPhone
		{79486932-0C04-4199-8849-1F13CD231622}.Ad-Hoc|x86.Deploy.0 = Ad-Hoc|iPhone
		{79486932-0C04-4199-8849-1F13CD231622}.AppStore|Any CPU.ActiveCfg = AppStore|iPhone
		{79486932-0C04-4199-8849-1F13CD231622}.AppStore|Any CPU.Build.0 = AppStore|iPhone
		{79486932-0C04-4199-8849-1F13CD231622}.AppStore|Any CPU.Deploy.0 = AppStore|iPhone
		{79486932-0C04-4199-8849-1F13CD231622}.AppStore|ARM.ActiveCfg = AppStore|iPhone
		{79486932-0C04-4199-8849-1F13CD231622}.AppStore|ARM.Build.0 = AppStore|iPhone
		{79486932-0C04-4199-8849-1F13CD231622}.AppStore|ARM.Deploy.0 = AppStore|iPhone
		{79486932-0C04-4199-8849-1F13CD231622}.AppStore|iPhone.ActiveCfg = AppStore|iPhone
		{79486932-0C04-4199-8849-1F13CD231622}.AppStore|iPhone.Build.0 = AppStore|iPhone
		{79486932-0C04-4199-8849-1F13CD231622}.AppStore|iPhone.Deploy.0 = AppStore|iPhone
		{79486932-0C04-4199-8849-1F13CD231622}.AppStore|iPhoneSimulator.ActiveCfg = AppStore|iPhoneSimulator
		{79486932-0C04-4199-8849-1F13CD231622}.AppStore|iPhoneSimulator.Build.0 = AppStore|iPhoneSimulator
		{79486932-0C04-4199-8849-1F13CD231622}.AppStore|iPhoneSimulator.Deploy.0 = AppStore|iPhoneSimulator
		{79486932-0C04-4199-8849-1F13CD231622}.AppStore|x64.ActiveCfg = AppStore|iPhone
		{79486932-0C04-4199-8849-1F13CD231622}.AppStore|x64.Build.0 = AppStore|iPhone
		{79486932-0C04-4199-8849-1F13CD231622}.AppStore|x64.Deploy.0 = AppStore|iPhone
		{79486932-0C04-4199-8849-1F13CD231622}.AppStore|x86.ActiveCfg = AppStore|iPhone
		{79486932-0C04-4199-8849-1F13CD231622}.AppStore|x86.Build.0 = AppStore|iPhone
		{79486932-0C04-4199-8849-1F13CD231622}.AppStore|x86.Deploy.0 = AppStore|iPhone
		{79486932-0C04-4199-8849-1F13CD231622}.Debug|Any CPU.ActiveCfg = Debug|iPhoneSimulator
		{79486932-0C04-4199-8849-1F13CD231622}.Debug|Any CPU.Build.0 = Debug|iPhoneSimulator
		{79486932-0C04-4199-8849-1F13CD231622}.Debug|Any CPU.Deploy.0 = Debug|iPhoneSimulator
		{79486932-0C04-4199-8849-1F13CD231622}.Debug|ARM.ActiveCfg = Debug|iPhone
		{79486932-0C04-4199-8849-1F13CD231622}.Debug|ARM.Build.0 = Debug|iPhone
		{79486932-0C04-4199-8849-1F13CD231622}.Debug|ARM.Deploy.0 = Debug|iPhone
		{79486932-0C04-4199-8849-1F13CD231622}.Debug|iPhone.ActiveCfg = Debug|iPhone
		{79486932-0C04-4199-8849-1F13CD231622}.Debug|iPhone.Build.0 = Debug|iPhone
		{79486932-0C04-4199-8849-1F13CD231622}.Debug|iPhone.Deploy.0 = Debug|iPhone
		{79486932-0C04-4199-8849-1F13CD231622}.Debug|iPhoneSimulator.ActiveCfg = Debug|iPhoneSimulator
		{79486932-0C04-4199-8849-1F13CD231622}.Debug|iPhoneSimulator.Build.0 = Debug|iPhoneSimulator
		{79486932-0C04-4199-8849-1F13CD231622}.Debug|iPhoneSimulator.Deploy.0 = Debug|iPhoneSimulator
		{79486932-0C04-4199-8849-1F13CD231622}.Debug|x64.ActiveCfg = Debug|iPhone
		{79486932-0C04-4199-8849-1F13CD231622}.Debug|x64.Build.0 = Debug|iPhone
		{79486932-0C04-4199-8849-1F13CD231622}.Debug|x64.Deploy.0 = Debug|iPhone
		{79486932-0C04-4199-8849-1F13CD231622}.Debug|x86.ActiveCfg = Debug|iPhone
		{79486932-0C04-4199-8849-1F13CD231622}.Debug|x86.Build.0 = Debug|iPhone
		{79486932-0C04-4199-8849-1F13CD231622}.Debug|x86.Deploy.0 = Debug|iPhone
		{79486932-0C04-4199-8849-1F13CD231622}.Release|Any CPU.ActiveCfg = Release|iPhone
		{79486932-0C04-4199-8849-1F13CD231622}.Release|Any CPU.Build.0 = Release|iPhone
		{79486932-0C04-4199-8849-1F13CD231622}.Release|Any CPU.Deploy.0 = Release|iPhone
		{79486932-0C04-4199-8849-1F13CD231622}.Release|ARM.ActiveCfg = Release|iPhone
		{79486932-0C04-4199-8849-1F13CD231622}.Release|ARM.Build.0 = Release|iPhone
		{79486932-0C04-4199-8849-1F13CD231622}.Release|ARM.Deploy.0 = Release|iPhone
		{79486932-0C04-4199-8849-1F13CD231622}.Release|iPhone.ActiveCfg = Release|iPhone
		{79486932-0C04-4199-8849-1F13CD231622}.Release|iPhone.Build.0 = Release|iPhone
		{79486932-0C04-4199-8849-1F13CD231622}.Release|iPhone.Deploy.0 = Release|iPhone
		{79486932-0C04-4199-8849-1F13CD231622}.Release|iPhoneSimulator.ActiveCfg = Release|iPhoneSimulator
		{79486932-0C04-4199-8849-1F13CD231622}.Release|iPhoneSimulator.Build.0 = Release|iPhoneSimulator
		{79486932-0C04-4199-8849-1F13CD231622}.Release|iPhoneSimulator.Deploy.0 = Release|iPhoneSimulator
		{79486932-0C04-4199-8849-1F13CD231622}.Release|x64.ActiveCfg = Release|iPhone
		{79486932-0C04-4199-8849-1F13CD231622}.Release|x64.Build.0 = Release|iPhone
		{79486932-0C04-4199-8849-1F13CD231622}.Release|x64.Deploy.0 = Release|iPhone
		{79486932-0C04-4199-8849-1F13CD231622}.Release|x86.ActiveCfg = Release|iPhone
		{79486932-0C04-4199-8849-1F13CD231622}.Release|x86.Build.0 = Release|iPhone
		{79486932-0C04-4199-8849-1F13CD231622}.Release|x86.Deploy.0 = Release|iPhone
		{F6AFD231-C2B7-4C55-A058-56AA849D6DC0}.Ad-Hoc|Any CPU.ActiveCfg = Release|x86
		{F6AFD231-C2B7-4C55-A058-56AA849D6DC0}.Ad-Hoc|Any CPU.Build.0 = Release|x86
		{F6AFD231-C2B7-4C55-A058-56AA849D6DC0}.Ad-Hoc|Any CPU.Deploy.0 = Release|x86
		{F6AFD231-C2B7-4C55-A058-56AA849D6DC0}.Ad-Hoc|ARM.ActiveCfg = Release|ARM
		{F6AFD231-C2B7-4C55-A058-56AA849D6DC0}.Ad-Hoc|ARM.Build.0 = Release|ARM
		{F6AFD231-C2B7-4C55-A058-56AA849D6DC0}.Ad-Hoc|ARM.Deploy.0 = Release|ARM
		{F6AFD231-C2B7-4C55-A058-56AA849D6DC0}.Ad-Hoc|iPhone.ActiveCfg = Release|x86
		{F6AFD231-C2B7-4C55-A058-56AA849D6DC0}.Ad-Hoc|iPhone.Build.0 = Release|x86
		{F6AFD231-C2B7-4C55-A058-56AA849D6DC0}.Ad-Hoc|iPhone.Deploy.0 = Release|x86
		{F6AFD231-C2B7-4C55-A058-56AA849D6DC0}.Ad-Hoc|iPhoneSimulator.ActiveCfg = Release|x86
		{F6AFD231-C2B7-4C55-A058-56AA849D6DC0}.Ad-Hoc|iPhoneSimulator.Build.0 = Release|x86
		{F6AFD231-C2B7-4C55-A058-56AA849D6DC0}.Ad-Hoc|iPhoneSimulator.Deploy.0 = Release|x86
		{F6AFD231-C2B7-4C55-A058-56AA849D6DC0}.Ad-Hoc|x64.ActiveCfg = Release|x64
		{F6AFD231-C2B7-4C55-A058-56AA849D6DC0}.Ad-Hoc|x64.Build.0 = Release|x64
		{F6AFD231-C2B7-4C55-A058-56AA849D6DC0}.Ad-Hoc|x64.Deploy.0 = Release|x64
		{F6AFD231-C2B7-4C55-A058-56AA849D6DC0}.Ad-Hoc|x86.ActiveCfg = Release|x86
		{F6AFD231-C2B7-4C55-A058-56AA849D6DC0}.Ad-Hoc|x86.Build.0 = Release|x86
		{F6AFD231-C2B7-4C55-A058-56AA849D6DC0}.Ad-Hoc|x86.Deploy.0 = Release|x86
		{F6AFD231-C2B7-4C55-A058-56AA849D6DC0}.AppStore|Any CPU.ActiveCfg = Release|x86
		{F6AFD231-C2B7-4C55-A058-56AA849D6DC0}.AppStore|Any CPU.Build.0 = Release|x86
		{F6AFD231-C2B7-4C55-A058-56AA849D6DC0}.AppStore|Any CPU.Deploy.0 = Release|x86
		{F6AFD231-C2B7-4C55-A058-56AA849D6DC0}.AppStore|ARM.ActiveCfg = Release|ARM
		{F6AFD231-C2B7-4C55-A058-56AA849D6DC0}.AppStore|ARM.Build.0 = Release|ARM
		{F6AFD231-C2B7-4C55-A058-56AA849D6DC0}.AppStore|ARM.Deploy.0 = Release|ARM
		{F6AFD231-C2B7-4C55-A058-56AA849D6DC0}.AppStore|iPhone.ActiveCfg = Release|x86
		{F6AFD231-C2B7-4C55-A058-56AA849D6DC0}.AppStore|iPhone.Build.0 = Release|x86
		{F6AFD231-C2B7-4C55-A058-56AA849D6DC0}.AppStore|iPhone.Deploy.0 = Release|x86
		{F6AFD231-C2B7-4C55-A058-56AA849D6DC0}.AppStore|iPhoneSimulator.ActiveCfg = Release|x86
		{F6AFD231-C2B7-4C55-A058-56AA849D6DC0}.AppStore|iPhoneSimulator.Build.0 = Release|x86
		{F6AFD231-C2B7-4C55-A058-56AA849D6DC0}.AppStore|iPhoneSimulator.Deploy.0 = Release|x86
		{F6AFD231-C2B7-4C55-A058-56AA849D6DC0}.AppStore|x64.ActiveCfg = Release|x64
		{F6AFD231-C2B7-4C55-A058-56AA849D6DC0}.AppStore|x64.Build.0 = Release|x64
		{F6AFD231-C2B7-4C55-A058-56AA849D6DC0}.AppStore|x64.Deploy.0 = Release|x64
		{F6AFD231-C2B7-4C55-A058-56AA849D6DC0}.AppStore|x86.ActiveCfg = Release|x86
		{F6AFD231-C2B7-4C55-A058-56AA849D6DC0}.AppStore|x86.Build.0 = Release|x86
		{F6AFD231-C2B7-4C55-A058-56AA849D6DC0}.AppStore|x86.Deploy.0 = Release|x86
		{F6AFD231-C2B7-4C55-A058-56AA849D6DC0}.Debug|Any CPU.ActiveCfg = Debug|x86
		{F6AFD231-C2B7-4C55-A058-56AA849D6DC0}.Debug|Any CPU.Build.0 = Debug|x86
		{F6AFD231-C2B7-4C55-A058-56AA849D6DC0}.Debug|Any CPU.Deploy.0 = Debug|x86
		{F6AFD231-C2B7-4C55-A058-56AA849D6DC0}.Debug|ARM.ActiveCfg = Debug|ARM
		{F6AFD231-C2B7-4C55-A058-56AA849D6DC0}.Debug|ARM.Build.0 = Debug|ARM
		{F6AFD231-C2B7-4C55-A058-56AA849D6DC0}.Debug|ARM.Deploy.0 = Debug|ARM
		{F6AFD231-C2B7-4C55-A058-56AA849D6DC0}.Debug|iPhone.ActiveCfg = Debug|x86
		{F6AFD231-C2B7-4C55-A058-56AA849D6DC0}.Debug|iPhone.Build.0 = Debug|x86
		{F6AFD231-C2B7-4C55-A058-56AA849D6DC0}.Debug|iPhone.Deploy.0 = Debug|x86
		{F6AFD231-C2B7-4C55-A058-56AA849D6DC0}.Debug|iPhoneSimulator.ActiveCfg = Debug|x86
		{F6AFD231-C2B7-4C55-A058-56AA849D6DC0}.Debug|iPhoneSimulator.Build.0 = Debug|x86
		{F6AFD231-C2B7-4C55-A058-56AA849D6DC0}.Debug|iPhoneSimulator.Deploy.0 = Debug|x86
		{F6AFD231-C2B7-4C55-A058-56AA849D6DC0}.Debug|x64.ActiveCfg = Debug|x64
		{F6AFD231-C2B7-4C55-A058-56AA849D6DC0}.Debug|x64.Build.0 = Debug|x64
		{F6AFD231-C2B7-4C55-A058-56AA849D6DC0}.Debug|x64.Deploy.0 = Debug|x64
		{F6AFD231-C2B7-4C55-A058-56AA849D6DC0}.Debug|x86.ActiveCfg = Debug|x86
		{F6AFD231-C2B7-4C55-A058-56AA849D6DC0}.Debug|x86.Build.0 = Debug|x86
		{F6AFD231-C2B7-4C55-A058-56AA849D6DC0}.Debug|x86.Deploy.0 = Debug|x86
		{F6AFD231-C2B7-4C55-A058-56AA849D6DC0}.Release|Any CPU.ActiveCfg = Release|x86
		{F6AFD231-C2B7-4C55-A058-56AA849D6DC0}.Release|Any CPU.Build.0 = Release|x86
		{F6AFD231-C2B7-4C55-A058-56AA849D6DC0}.Release|Any CPU.Deploy.0 = Release|x86
		{F6AFD231-C2B7-4C55-A058-56AA849D6DC0}.Release|ARM.ActiveCfg = Release|ARM
		{F6AFD231-C2B7-4C55-A058-56AA849D6DC0}.Release|ARM.Build.0 = Release|ARM
		{F6AFD231-C2B7-4C55-A058-56AA849D6DC0}.Release|ARM.Deploy.0 = Release|ARM
		{F6AFD231-C2B7-4C55-A058-56AA849D6DC0}.Release|iPhone.ActiveCfg = Release|x86
		{F6AFD231-C2B7-4C55-A058-56AA849D6DC0}.Release|iPhone.Build.0 = Release|x86
		{F6AFD231-C2B7-4C55-A058-56AA849D6DC0}.Release|iPhone.Deploy.0 = Release|x86
		{F6AFD231-C2B7-4C55-A058-56AA849D6DC0}.Release|iPhoneSimulator.ActiveCfg = Release|x86
		{F6AFD231-C2B7-4C55-A058-56AA849D6DC0}.Release|iPhoneSimulator.Build.0 = Release|x86
		{F6AFD231-C2B7-4C55-A058-56AA849D6DC0}.Release|iPhoneSimulator.Deploy.0 = Release|x86
		{F6AFD231-C2B7-4C55-A058-56AA849D6DC0}.Release|x64.ActiveCfg = Release|x64
		{F6AFD231-C2B7-4C55-A058-56AA849D6DC0}.Release|x64.Build.0 = Release|x64
		{F6AFD231-C2B7-4C55-A058-56AA849D6DC0}.Release|x64.Deploy.0 = Release|x64
		{F6AFD231-C2B7-4C55-A058-56AA849D6DC0}.Release|x86.ActiveCfg = Release|x86
		{F6AFD231-C2B7-4C55-A058-56AA849D6DC0}.Release|x86.Build.0 = Release|x86
		{F6AFD231-C2B7-4C55-A058-56AA849D6DC0}.Release|x86.Deploy.0 = Release|x86
		{E5AA9B8A-4F25-4CA5-B954-A5A31EFA2BEC}.Ad-Hoc|Any CPU.ActiveCfg = Debug|Any CPU
		{E5AA9B8A-4F25-4CA5-B954-A5A31EFA2BEC}.Ad-Hoc|Any CPU.Build.0 = Debug|Any CPU
		{E5AA9B8A-4F25-4CA5-B954-A5A31EFA2BEC}.Ad-Hoc|Any CPU.Deploy.0 = Debug|Any CPU
		{E5AA9B8A-4F25-4CA5-B954-A5A31EFA2BEC}.Ad-Hoc|ARM.ActiveCfg = Debug|Any CPU
		{E5AA9B8A-4F25-4CA5-B954-A5A31EFA2BEC}.Ad-Hoc|ARM.Build.0 = Debug|Any CPU
		{E5AA9B8A-4F25-4CA5-B954-A5A31EFA2BEC}.Ad-Hoc|ARM.Deploy.0 = Debug|Any CPU
		{E5AA9B8A-4F25-4CA5-B954-A5A31EFA2BEC}.Ad-Hoc|iPhone.ActiveCfg = Debug|Any CPU
		{E5AA9B8A-4F25-4CA5-B954-A5A31EFA2BEC}.Ad-Hoc|iPhone.Build.0 = Debug|Any CPU
		{E5AA9B8A-4F25-4CA5-B954-A5A31EFA2BEC}.Ad-Hoc|iPhone.Deploy.0 = Debug|Any CPU
		{E5AA9B8A-4F25-4CA5-B954-A5A31EFA2BEC}.Ad-Hoc|iPhoneSimulator.ActiveCfg = Debug|Any CPU
		{E5AA9B8A-4F25-4CA5-B954-A5A31EFA2BEC}.Ad-Hoc|iPhoneSimulator.Build.0 = Debug|Any CPU
		{E5AA9B8A-4F25-4CA5-B954-A5A31EFA2BEC}.Ad-Hoc|iPhoneSimulator.Deploy.0 = Debug|Any CPU
		{E5AA9B8A-4F25-4CA5-B954-A5A31EFA2BEC}.Ad-Hoc|x64.ActiveCfg = Debug|Any CPU
		{E5AA9B8A-4F25-4CA5-B954-A5A31EFA2BEC}.Ad-Hoc|x64.Build.0 = Debug|Any CPU
		{E5AA9B8A-4F25-4CA5-B954-A5A31EFA2BEC}.Ad-Hoc|x64.Deploy.0 = Debug|Any CPU
		{E5AA9B8A-4F25-4CA5-B954-A5A31EFA2BEC}.Ad-Hoc|x86.ActiveCfg = Debug|Any CPU
		{E5AA9B8A-4F25-4CA5-B954-A5A31EFA2BEC}.Ad-Hoc|x86.Build.0 = Debug|Any CPU
		{E5AA9B8A-4F25-4CA5-B954-A5A31EFA2BEC}.Ad-Hoc|x86.Deploy.0 = Debug|Any CPU
		{E5AA9B8A-4F25-4CA5-B954-A5A31EFA2BEC}.AppStore|Any CPU.ActiveCfg = Debug|Any CPU
		{E5AA9B8A-4F25-4CA5-B954-A5A31EFA2BEC}.AppStore|Any CPU.Build.0 = Debug|Any CPU
		{E5AA9B8A-4F25-4CA5-B954-A5A31EFA2BEC}.AppStore|Any CPU.Deploy.0 = Debug|Any CPU
		{E5AA9B8A-4F25-4CA5-B954-A5A31EFA2BEC}.AppStore|ARM.ActiveCfg = Debug|Any CPU
		{E5AA9B8A-4F25-4CA5-B954-A5A31EFA2BEC}.AppStore|ARM.Build.0 = Debug|Any CPU
		{E5AA9B8A-4F25-4CA5-B954-A5A31EFA2BEC}.AppStore|ARM.Deploy.0 = Debug|Any CPU
		{E5AA9B8A-4F25-4CA5-B954-A5A31EFA2BEC}.AppStore|iPhone.ActiveCfg = Debug|Any CPU
		{E5AA9B8A-4F25-4CA5-B954-A5A31EFA2BEC}.AppStore|iPhone.Build.0 = Debug|Any CPU
		{E5AA9B8A-4F25-4CA5-B954-A5A31EFA2BEC}.AppStore|iPhone.Deploy.0 = Debug|Any CPU
		{E5AA9B8A-4F25-4CA5-B954-A5A31EFA2BEC}.AppStore|iPhoneSimulator.ActiveCfg = Debug|Any CPU
		{E5AA9B8A-4F25-4CA5-B954-A5A31EFA2BEC}.AppStore|iPhoneSimulator.Build.0 = Debug|Any CPU
		{E5AA9B8A-4F25-4CA5-B954-A5A31EFA2BEC}.AppStore|iPhoneSimulator.Deploy.0 = Debug|Any CPU
		{E5AA9B8A-4F25-4CA5-B954-A5A31EFA2BEC}.AppStore|x64.ActiveCfg = Debug|Any CPU
		{E5AA9B8A-4F25-4CA5-B954-A5A31EFA2BEC}.AppStore|x64.Build.0 = Debug|Any CPU
		{E5AA9B8A-4F25-4CA5-B954-A5A31EFA2BEC}.AppStore|x64.Deploy.0 = Debug|Any CPU
		{E5AA9B8A-4F25-4CA5-B954-A5A31EFA2BEC}.AppStore|x86.ActiveCfg = Debug|Any CPU
		{E5AA9B8A-4F25-4CA5-B954-A5A31EFA2BEC}.AppStore|x86.Build.0 = Debug|Any CPU
		{E5AA9B8A-4F25-4CA5-B954-A5A31EFA2BEC}.AppStore|x86.Deploy.0 = Debug|Any CPU
		{E5AA9B8A-4F25-4CA5-B954-A5A31EFA2BEC}.Debug|Any CPU.ActiveCfg = Debug|Any CPU
		{E5AA9B8A-4F25-4CA5-B954-A5A31EFA2BEC}.Debug|Any CPU.Build.0 = Debug|Any CPU
		{E5AA9B8A-4F25-4CA5-B954-A5A31EFA2BEC}.Debug|Any CPU.Deploy.0 = Debug|Any CPU
		{E5AA9B8A-4F25-4CA5-B954-A5A31EFA2BEC}.Debug|ARM.ActiveCfg = Debug|Any CPU
		{E5AA9B8A-4F25-4CA5-B954-A5A31EFA2BEC}.Debug|ARM.Build.0 = Debug|Any CPU
		{E5AA9B8A-4F25-4CA5-B954-A5A31EFA2BEC}.Debug|ARM.Deploy.0 = Debug|Any CPU
		{E5AA9B8A-4F25-4CA5-B954-A5A31EFA2BEC}.Debug|iPhone.ActiveCfg = Debug|Any CPU
		{E5AA9B8A-4F25-4CA5-B954-A5A31EFA2BEC}.Debug|iPhone.Build.0 = Debug|Any CPU
		{E5AA9B8A-4F25-4CA5-B954-A5A31EFA2BEC}.Debug|iPhone.Deploy.0 = Debug|Any CPU
		{E5AA9B8A-4F25-4CA5-B954-A5A31EFA2BEC}.Debug|iPhoneSimulator.ActiveCfg = Debug|Any CPU
		{E5AA9B8A-4F25-4CA5-B954-A5A31EFA2BEC}.Debug|iPhoneSimulator.Build.0 = Debug|Any CPU
		{E5AA9B8A-4F25-4CA5-B954-A5A31EFA2BEC}.Debug|iPhoneSimulator.Deploy.0 = Debug|Any CPU
		{E5AA9B8A-4F25-4CA5-B954-A5A31EFA2BEC}.Debug|x64.ActiveCfg = Debug|Any CPU
		{E5AA9B8A-4F25-4CA5-B954-A5A31EFA2BEC}.Debug|x64.Build.0 = Debug|Any CPU
		{E5AA9B8A-4F25-4CA5-B954-A5A31EFA2BEC}.Debug|x64.Deploy.0 = Debug|Any CPU
		{E5AA9B8A-4F25-4CA5-B954-A5A31EFA2BEC}.Debug|x86.ActiveCfg = Debug|Any CPU
		{E5AA9B8A-4F25-4CA5-B954-A5A31EFA2BEC}.Debug|x86.Build.0 = Debug|Any CPU
		{E5AA9B8A-4F25-4CA5-B954-A5A31EFA2BEC}.Debug|x86.Deploy.0 = Debug|Any CPU
		{E5AA9B8A-4F25-4CA5-B954-A5A31EFA2BEC}.Release|Any CPU.ActiveCfg = Release|Any CPU
		{E5AA9B8A-4F25-4CA5-B954-A5A31EFA2BEC}.Release|Any CPU.Build.0 = Release|Any CPU
		{E5AA9B8A-4F25-4CA5-B954-A5A31EFA2BEC}.Release|Any CPU.Deploy.0 = Release|Any CPU
		{E5AA9B8A-4F25-4CA5-B954-A5A31EFA2BEC}.Release|ARM.ActiveCfg = Release|Any CPU
		{E5AA9B8A-4F25-4CA5-B954-A5A31EFA2BEC}.Release|ARM.Build.0 = Release|Any CPU
		{E5AA9B8A-4F25-4CA5-B954-A5A31EFA2BEC}.Release|ARM.Deploy.0 = Release|Any CPU
		{E5AA9B8A-4F25-4CA5-B954-A5A31EFA2BEC}.Release|iPhone.ActiveCfg = Release|Any CPU
		{E5AA9B8A-4F25-4CA5-B954-A5A31EFA2BEC}.Release|iPhone.Build.0 = Release|Any CPU
		{E5AA9B8A-4F25-4CA5-B954-A5A31EFA2BEC}.Release|iPhone.Deploy.0 = Release|Any CPU
		{E5AA9B8A-4F25-4CA5-B954-A5A31EFA2BEC}.Release|iPhoneSimulator.ActiveCfg = Release|Any CPU
		{E5AA9B8A-4F25-4CA5-B954-A5A31EFA2BEC}.Release|iPhoneSimulator.Build.0 = Release|Any CPU
		{E5AA9B8A-4F25-4CA5-B954-A5A31EFA2BEC}.Release|iPhoneSimulator.Deploy.0 = Release|Any CPU
		{E5AA9B8A-4F25-4CA5-B954-A5A31EFA2BEC}.Release|x64.ActiveCfg = Release|Any CPU
		{E5AA9B8A-4F25-4CA5-B954-A5A31EFA2BEC}.Release|x64.Build.0 = Release|Any CPU
		{E5AA9B8A-4F25-4CA5-B954-A5A31EFA2BEC}.Release|x64.Deploy.0 = Release|Any CPU
		{E5AA9B8A-4F25-4CA5-B954-A5A31EFA2BEC}.Release|x86.ActiveCfg = Release|Any CPU
		{E5AA9B8A-4F25-4CA5-B954-A5A31EFA2BEC}.Release|x86.Build.0 = Release|Any CPU
		{E5AA9B8A-4F25-4CA5-B954-A5A31EFA2BEC}.Release|x86.Deploy.0 = Release|Any CPU
	EndGlobalSection
	GlobalSection(SolutionProperties) = preSolution
		HideSolutionNode = FALSE
	EndGlobalSection
	GlobalSection(ExtensibilityGlobals) = postSolution
		SolutionGuid = {EBA3265C-9055-4598-8AC8-203463D39C4D}
	EndGlobalSection
EndGlobal
